
Microsoft Visual Studio Solution File, Format Version 12.00
# Visual Studio Version 17
VisualStudioVersion = 17.5.33530.505
MinimumVisualStudioVersion = 10.0.40219.1
Project("{FAE04EC0-301F-11D3-BF4B-00C04F79EFBC}") = "Farplane", "Farplane.csproj", "{4ED67F58-D849-450A-B5AF-C0F942E07280}"
EndProject
Global
	GlobalSection(SolutionConfigurationPlatforms) = preSolution
		Debug|Any CPU = Debug|Any CPU
		Release|Any CPU = Release|Any CPU
	EndGlobalSection
	GlobalSection(ProjectConfigurationPlatforms) = postSolution
		{4ED67F58-D849-450A-B5AF-C0F942E07280}.Debug|Any CPU.ActiveCfg = Debug|Any CPU
		{4ED67F58-D849-450A-B5AF-C0F942E07280}.Debug|Any CPU.Build.0 = Debug|Any CPU
		{4ED67F58-D849-450A-B5AF-C0F942E07280}.Release|Any CPU.ActiveCfg = Release|Any CPU
		{4ED67F58-D849-450A-B5AF-C0F942E07280}.Release|Any CPU.Build.0 = Release|Any CPU
	EndGlobalSection
	GlobalSection(SolutionProperties) = preSolution
		HideSolutionNode = FALSE
	EndGlobalSection
	GlobalSection(ExtensibilityGlobals) = postSolution
		SolutionGuid = {E36E46EC-FC36-40F5-B97A-C0AF1D747237}
	EndGlobalSection
EndGlobal
